
Microsoft Visual Studio Solution File, Format Version 12.00
# Visual Studio Version 17
VisualStudioVersion = 17.14.36623.8 d17.14
MinimumVisualStudioVersion = 10.0.40219.1
Project("{FAE04EC0-301F-11D3-BF4B-00C04F79EFBC}") = "SystemOnboardingowy", "SystemOnboardingowy\SystemOnboardingowy.csproj", "{FEE728DC-8864-4FD7-96B8-18E7921B9CE3}"
EndProject
Global
	GlobalSection(SolutionConfigurationPlatforms) = preSolution
		Debug|Any CPU = Debug|Any CPU
		Release|Any CPU = Release|Any CPU
	EndGlobalSection
	GlobalSection(ProjectConfigurationPlatforms) = postSolution
		{FEE728DC-8864-4FD7-96B8-18E7921B9CE3}.Debug|Any CPU.ActiveCfg = Debug|Any CPU
		{FEE728DC-8864-4FD7-96B8-18E7921B9CE3}.Debug|Any CPU.Build.0 = Debug|Any CPU
		{FEE728DC-8864-4FD7-96B8-18E7921B9CE3}.Release|Any CPU.ActiveCfg = Release|Any CPU
		{FEE728DC-8864-4FD7-96B8-18E7921B9CE3}.Release|Any CPU.Build.0 = Release|Any CPU
	EndGlobalSection
	GlobalSection(SolutionProperties) = preSolution
		HideSolutionNode = FALSE
	EndGlobalSection
	GlobalSection(ExtensibilityGlobals) = postSolution
		SolutionGuid = {86D67548-6784-44D5-9DA8-2ECB01047DAA}
	EndGlobalSection
EndGlobal
